// !$*UTF8*$!
{
	archiveVersion = 1;
	classes = {
	};
	objectVersion = 51;
	objects = {

/* Begin PBXBuildFile section */
		2E70C94791DD4F7E28B62C0D /* Pods_CocoaHeroes_CocoaHeroesUITests.framework in Frameworks */ = {isa = PBXBuildFile; fileRef = F986AC7C18C30F2F61B09294 /* Pods_CocoaHeroes_CocoaHeroesUITests.framework */; };
		7CC4BA60F9DB05EC92C41FB0 /* Pods_CocoaHeroesTests.framework in Frameworks */ = {isa = PBXBuildFile; fileRef = 8428F74A80EB15DAFD86B9BC /* Pods_CocoaHeroesTests.framework */; };
		AAB05BF91961F9392B291AD2 /* Pods_CocoaHeroes.framework in Frameworks */ = {isa = PBXBuildFile; fileRef = 46F7476252772D28E7E6B05A /* Pods_CocoaHeroes.framework */; };
		BE1A741823B0A5DE0076A4BD /* DetailViewController.swift in Sources */ = {isa = PBXBuildFile; fileRef = BE1A741723B0A5DE0076A4BD /* DetailViewController.swift */; };
		BEAC768B23AB3EF1008D42EB /* AppDelegate.swift in Sources */ = {isa = PBXBuildFile; fileRef = BEAC768A23AB3EF1008D42EB /* AppDelegate.swift */; };
		BEAC768D23AB3EF1008D42EB /* SceneDelegate.swift in Sources */ = {isa = PBXBuildFile; fileRef = BEAC768C23AB3EF1008D42EB /* SceneDelegate.swift */; };
		BEAC768F23AB3EF1008D42EB /* ViewController.swift in Sources */ = {isa = PBXBuildFile; fileRef = BEAC768E23AB3EF1008D42EB /* ViewController.swift */; };
		BEAC769223AB3EF1008D42EB /* Main.storyboard in Resources */ = {isa = PBXBuildFile; fileRef = BEAC769023AB3EF1008D42EB /* Main.storyboard */; };
		BEAC769523AB3EF1008D42EB /* CocoaHeroes.xcdatamodeld in Sources */ = {isa = PBXBuildFile; fileRef = BEAC769323AB3EF1008D42EB /* CocoaHeroes.xcdatamodeld */; };
		BEAC769723AB3EF3008D42EB /* Assets.xcassets in Resources */ = {isa = PBXBuildFile; fileRef = BEAC769623AB3EF3008D42EB /* Assets.xcassets */; };
		BEAC769A23AB3EF3008D42EB /* LaunchScreen.storyboard in Resources */ = {isa = PBXBuildFile; fileRef = BEAC769823AB3EF3008D42EB /* LaunchScreen.storyboard */; };
		BEAC76A523AB3EF3008D42EB /* CocoaHeroesTest.swift in Sources */ = {isa = PBXBuildFile; fileRef = BEAC76A423AB3EF3008D42EB /* CocoaHeroesTest.swift */; };
		BEAC76B023AB3EF3008D42EB /* CocoaHeroesUITest.swift in Sources */ = {isa = PBXBuildFile; fileRef = BEAC76AF23AB3EF3008D42EB /* CocoaHeroesUITest.swift */; };
		BEBA34B323AC579E0004D32E /* ImageInfo.swift in Sources */ = {isa = PBXBuildFile; fileRef = BEBA34B223AC579E0004D32E /* ImageInfo.swift */; };
		BEBA34B423AC579E0004D32E /* ImageInfo.swift in Sources */ = {isa = PBXBuildFile; fileRef = BEBA34B223AC579E0004D32E /* ImageInfo.swift */; };
		BEBA34B523AC579E0004D32E /* ImageInfo.swift in Sources */ = {isa = PBXBuildFile; fileRef = BEBA34B223AC579E0004D32E /* ImageInfo.swift */; };
		BEBA34BF23AC6D440004D32E /* APIImageResponse.swift in Sources */ = {isa = PBXBuildFile; fileRef = BEBA34BE23AC6D440004D32E /* APIImageResponse.swift */; };
		BEBA34C123AC91D00004D32E /* ImageInfoListItem.swift in Sources */ = {isa = PBXBuildFile; fileRef = BEBA34C023AC91D00004D32E /* ImageInfoListItem.swift */; };
/* End PBXBuildFile section */

/* Begin PBXContainerItemProxy section */
		BEAC76A123AB3EF3008D42EB /* PBXContainerItemProxy */ = {
			isa = PBXContainerItemProxy;
			containerPortal = BEAC767F23AB3EF1008D42EB /* Project object */;
			proxyType = 1;
			remoteGlobalIDString = BEAC768623AB3EF1008D42EB;
			remoteInfo = PodPod;
		};
		BEAC76AC23AB3EF3008D42EB /* PBXContainerItemProxy */ = {
			isa = PBXContainerItemProxy;
			containerPortal = BEAC767F23AB3EF1008D42EB /* Project object */;
			proxyType = 1;
			remoteGlobalIDString = BEAC768623AB3EF1008D42EB;
			remoteInfo = PodPod;
		};
/* End PBXContainerItemProxy section */

/* Begin PBXFileReference section */
		2822D692508CEA092AC120C1 /* Pods-CocoaHeroes.release.xcconfig */ = {isa = PBXFileReference; includeInIndex = 1; lastKnownFileType = text.xcconfig; name = "Pods-CocoaHeroes.release.xcconfig"; path = "Target Support Files/Pods-CocoaHeroes/Pods-CocoaHeroes.release.xcconfig"; sourceTree = "<group>"; };
		314E29195686036BABA4EFBC /* Pods-CocoaHeroes-CocoaHeroesUITests.release.xcconfig */ = {isa = PBXFileReference; includeInIndex = 1; lastKnownFileType = text.xcconfig; name = "Pods-CocoaHeroes-CocoaHeroesUITests.release.xcconfig"; path = "Target Support Files/Pods-CocoaHeroes-CocoaHeroesUITests/Pods-CocoaHeroes-CocoaHeroesUITests.release.xcconfig"; sourceTree = "<group>"; };
		46F7476252772D28E7E6B05A /* Pods_CocoaHeroes.framework */ = {isa = PBXFileReference; explicitFileType = wrapper.framework; includeInIndex = 0; path = Pods_CocoaHeroes.framework; sourceTree = BUILT_PRODUCTS_DIR; };
		8428F74A80EB15DAFD86B9BC /* Pods_CocoaHeroesTests.framework */ = {isa = PBXFileReference; explicitFileType = wrapper.framework; includeInIndex = 0; path = Pods_CocoaHeroesTests.framework; sourceTree = BUILT_PRODUCTS_DIR; };
		9A27467A8C992828AB6979D3 /* Pods-CocoaHeroes.debug.xcconfig */ = {isa = PBXFileReference; includeInIndex = 1; lastKnownFileType = text.xcconfig; name = "Pods-CocoaHeroes.debug.xcconfig"; path = "Target Support Files/Pods-CocoaHeroes/Pods-CocoaHeroes.debug.xcconfig"; sourceTree = "<group>"; };
		A76ACBC66A15626835029801 /* Pods-CocoaHeroesTests.release.xcconfig */ = {isa = PBXFileReference; includeInIndex = 1; lastKnownFileType = text.xcconfig; name = "Pods-CocoaHeroesTests.release.xcconfig"; path = "Target Support Files/Pods-CocoaHeroesTests/Pods-CocoaHeroesTests.release.xcconfig"; sourceTree = "<group>"; };
		A84C85397620AC19B73EC588 /* Pods-CocoaHeroesTests.debug.xcconfig */ = {isa = PBXFileReference; includeInIndex = 1; lastKnownFileType = text.xcconfig; name = "Pods-CocoaHeroesTests.debug.xcconfig"; path = "Target Support Files/Pods-CocoaHeroesTests/Pods-CocoaHeroesTests.debug.xcconfig"; sourceTree = "<group>"; };
		BE1A741723B0A5DE0076A4BD /* DetailViewController.swift */ = {isa = PBXFileReference; lastKnownFileType = sourcecode.swift; path = DetailViewController.swift; sourceTree = "<group>"; };
		BEAC768723AB3EF1008D42EB /* CocoaHeroes.app */ = {isa = PBXFileReference; explicitFileType = wrapper.application; includeInIndex = 0; path = CocoaHeroes.app; sourceTree = BUILT_PRODUCTS_DIR; };
		BEAC768A23AB3EF1008D42EB /* AppDelegate.swift */ = {isa = PBXFileReference; lastKnownFileType = sourcecode.swift; path = AppDelegate.swift; sourceTree = "<group>"; };
		BEAC768C23AB3EF1008D42EB /* SceneDelegate.swift */ = {isa = PBXFileReference; lastKnownFileType = sourcecode.swift; path = SceneDelegate.swift; sourceTree = "<group>"; };
		BEAC768E23AB3EF1008D42EB /* ViewController.swift */ = {isa = PBXFileReference; lastKnownFileType = sourcecode.swift; path = ViewController.swift; sourceTree = "<group>"; };
		BEAC769123AB3EF1008D42EB /* Base */ = {isa = PBXFileReference; lastKnownFileType = file.storyboard; name = Base; path = Base.lproj/Main.storyboard; sourceTree = "<group>"; };
		BEAC769423AB3EF1008D42EB /* PodPod.xcdatamodel */ = {isa = PBXFileReference; lastKnownFileType = wrapper.xcdatamodel; path = PodPod.xcdatamodel; sourceTree = "<group>"; };
		BEAC769623AB3EF3008D42EB /* Assets.xcassets */ = {isa = PBXFileReference; lastKnownFileType = folder.assetcatalog; path = Assets.xcassets; sourceTree = "<group>"; };
		BEAC769923AB3EF3008D42EB /* Base */ = {isa = PBXFileReference; lastKnownFileType = file.storyboard; name = Base; path = Base.lproj/LaunchScreen.storyboard; sourceTree = "<group>"; };
		BEAC769B23AB3EF3008D42EB /* Info.plist */ = {isa = PBXFileReference; lastKnownFileType = text.plist.xml; path = Info.plist; sourceTree = "<group>"; };
		BEAC76A023AB3EF3008D42EB /* CocoaHeroesTests.xctest */ = {isa = PBXFileReference; explicitFileType = wrapper.cfbundle; includeInIndex = 0; path = CocoaHeroesTests.xctest; sourceTree = BUILT_PRODUCTS_DIR; };
		BEAC76A423AB3EF3008D42EB /* CocoaHeroesTest.swift */ = {isa = PBXFileReference; lastKnownFileType = sourcecode.swift; path = CocoaHeroesTest.swift; sourceTree = "<group>"; };
		BEAC76A623AB3EF3008D42EB /* Info.plist */ = {isa = PBXFileReference; lastKnownFileType = text.plist.xml; path = Info.plist; sourceTree = "<group>"; };
		BEAC76AB23AB3EF3008D42EB /* CocoaHeroesUITests.xctest */ = {isa = PBXFileReference; explicitFileType = wrapper.cfbundle; includeInIndex = 0; path = CocoaHeroesUITests.xctest; sourceTree = BUILT_PRODUCTS_DIR; };
		BEAC76AF23AB3EF3008D42EB /* CocoaHeroesUITest.swift */ = {isa = PBXFileReference; lastKnownFileType = sourcecode.swift; path = CocoaHeroesUITest.swift; sourceTree = "<group>"; };
		BEAC76B123AB3EF3008D42EB /* Info.plist */ = {isa = PBXFileReference; lastKnownFileType = text.plist.xml; path = Info.plist; sourceTree = "<group>"; };
		BEBA34B223AC579E0004D32E /* ImageInfo.swift */ = {isa = PBXFileReference; lastKnownFileType = sourcecode.swift; path = ImageInfo.swift; sourceTree = "<group>"; };
		BEBA34BE23AC6D440004D32E /* APIImageResponse.swift */ = {isa = PBXFileReference; fileEncoding = 4; lastKnownFileType = sourcecode.swift; path = APIImageResponse.swift; sourceTree = "<group>"; };
		BEBA34C023AC91D00004D32E /* ImageInfoListItem.swift */ = {isa = PBXFileReference; lastKnownFileType = sourcecode.swift; path = ImageInfoListItem.swift; sourceTree = "<group>"; };
		F7BDA68C459AF98237FE0DE7 /* Pods-CocoaHeroes-CocoaHeroesUITests.debug.xcconfig */ = {isa = PBXFileReference; includeInIndex = 1; lastKnownFileType = text.xcconfig; name = "Pods-CocoaHeroes-CocoaHeroesUITests.debug.xcconfig"; path = "Target Support Files/Pods-CocoaHeroes-CocoaHeroesUITests/Pods-CocoaHeroes-CocoaHeroesUITests.debug.xcconfig"; sourceTree = "<group>"; };
		F986AC7C18C30F2F61B09294 /* Pods_CocoaHeroes_CocoaHeroesUITests.framework */ = {isa = PBXFileReference; explicitFileType = wrapper.framework; includeInIndex = 0; path = Pods_CocoaHeroes_CocoaHeroesUITests.framework; sourceTree = BUILT_PRODUCTS_DIR; };
/* End PBXFileReference section */

/* Begin PBXFrameworksBuildPhase section */
		BEAC768423AB3EF1008D42EB /* Frameworks */ = {
			isa = PBXFrameworksBuildPhase;
			buildActionMask = 2147483647;
			files = (
				AAB05BF91961F9392B291AD2 /* Pods_CocoaHeroes.framework in Frameworks */,
			);
			runOnlyForDeploymentPostprocessing = 0;
		};
		BEAC769D23AB3EF3008D42EB /* Frameworks */ = {
			isa = PBXFrameworksBuildPhase;
			buildActionMask = 2147483647;
			files = (
				7CC4BA60F9DB05EC92C41FB0 /* Pods_CocoaHeroesTests.framework in Frameworks */,
			);
			runOnlyForDeploymentPostprocessing = 0;
		};
		BEAC76A823AB3EF3008D42EB /* Frameworks */ = {
			isa = PBXFrameworksBuildPhase;
			buildActionMask = 2147483647;
			files = (
				2E70C94791DD4F7E28B62C0D /* Pods_CocoaHeroes_CocoaHeroesUITests.framework in Frameworks */,
			);
			runOnlyForDeploymentPostprocessing = 0;
		};
/* End PBXFrameworksBuildPhase section */

/* Begin PBXGroup section */
		44D448E29D005CDD4EC841D7 /* Frameworks */ = {
			isa = PBXGroup;
			children = (
				46F7476252772D28E7E6B05A /* Pods_CocoaHeroes.framework */,
				F986AC7C18C30F2F61B09294 /* Pods_CocoaHeroes_CocoaHeroesUITests.framework */,
				8428F74A80EB15DAFD86B9BC /* Pods_CocoaHeroesTests.framework */,
			);
			name = Frameworks;
			sourceTree = "<group>";
		};
		BEAC767E23AB3EF1008D42EB = {
			isa = PBXGroup;
			children = (
				BEAC768923AB3EF1008D42EB /* CocoaHeroes */,
				BEAC76A323AB3EF3008D42EB /* CocoaHeroesTests */,
				BEAC76AE23AB3EF3008D42EB /* CocoaHeroesUITests */,
				BEAC768823AB3EF1008D42EB /* Products */,
				D75DD69FDCA08655235D381D /* Pods */,
				44D448E29D005CDD4EC841D7 /* Frameworks */,
			);
			sourceTree = "<group>";
		};
		BEAC768823AB3EF1008D42EB /* Products */ = {
			isa = PBXGroup;
			children = (
				BEAC768723AB3EF1008D42EB /* CocoaHeroes.app */,
				BEAC76A023AB3EF3008D42EB /* CocoaHeroesTests.xctest */,
				BEAC76AB23AB3EF3008D42EB /* CocoaHeroesUITests.xctest */,
			);
			name = Products;
			sourceTree = "<group>";
		};
		BEAC768923AB3EF1008D42EB /* CocoaHeroes */ = {
			isa = PBXGroup;
			children = (
				BEBA34BE23AC6D440004D32E /* APIImageResponse.swift */,
				BEAC768A23AB3EF1008D42EB /* AppDelegate.swift */,
				BEAC768C23AB3EF1008D42EB /* SceneDelegate.swift */,
				BEAC768E23AB3EF1008D42EB /* ViewController.swift */,
				BEAC769023AB3EF1008D42EB /* Main.storyboard */,
				BEAC769623AB3EF3008D42EB /* Assets.xcassets */,
				BEAC769823AB3EF3008D42EB /* LaunchScreen.storyboard */,
				BEAC769B23AB3EF3008D42EB /* Info.plist */,
				BEAC769323AB3EF1008D42EB /* CocoaHeroes.xcdatamodeld */,
				BEBA34B223AC579E0004D32E /* ImageInfo.swift */,
				BEBA34C023AC91D00004D32E /* ImageInfoListItem.swift */,
				BE1A741723B0A5DE0076A4BD /* DetailViewController.swift */,
			);
			path = CocoaHeroes;
			sourceTree = "<group>";
		};
		BEAC76A323AB3EF3008D42EB /* CocoaHeroesTests */ = {
			isa = PBXGroup;
			children = (
				BEAC76A423AB3EF3008D42EB /* CocoaHeroesTest.swift */,
				BEAC76A623AB3EF3008D42EB /* Info.plist */,
			);
			path = CocoaHeroesTests;
			sourceTree = "<group>";
		};
		BEAC76AE23AB3EF3008D42EB /* CocoaHeroesUITests */ = {
			isa = PBXGroup;
			children = (
				BEAC76AF23AB3EF3008D42EB /* CocoaHeroesUITest.swift */,
				BEAC76B123AB3EF3008D42EB /* Info.plist */,
			);
			path = CocoaHeroesUITests;
			sourceTree = "<group>";
		};
		D75DD69FDCA08655235D381D /* Pods */ = {
			isa = PBXGroup;
			children = (
				9A27467A8C992828AB6979D3 /* Pods-CocoaHeroes.debug.xcconfig */,
				2822D692508CEA092AC120C1 /* Pods-CocoaHeroes.release.xcconfig */,
				F7BDA68C459AF98237FE0DE7 /* Pods-CocoaHeroes-CocoaHeroesUITests.debug.xcconfig */,
				314E29195686036BABA4EFBC /* Pods-CocoaHeroes-CocoaHeroesUITests.release.xcconfig */,
				A84C85397620AC19B73EC588 /* Pods-CocoaHeroesTests.debug.xcconfig */,
				A76ACBC66A15626835029801 /* Pods-CocoaHeroesTests.release.xcconfig */,
			);
			path = Pods;
			sourceTree = "<group>";
		};
/* End PBXGroup section */

/* Begin PBXNativeTarget section */
		BEAC768623AB3EF1008D42EB /* CocoaHeroes */ = {
			isa = PBXNativeTarget;
			buildConfigurationList = BEAC76B423AB3EF3008D42EB /* Build configuration list for PBXNativeTarget "CocoaHeroes" */;
			buildPhases = (
				B91BB3E45EC13221A45F701B /* [CP] Check Pods Manifest.lock */,
				BEAC768323AB3EF1008D42EB /* Sources */,
				BEAC768423AB3EF1008D42EB /* Frameworks */,
				BEAC768523AB3EF1008D42EB /* Resources */,
				7EC04F852D72E92596FB66B5 /* [CP] Embed Pods Frameworks */,
			);
			buildRules = (
			);
			dependencies = (
			);
			name = CocoaHeroes;
			productName = PodPod;
			productReference = BEAC768723AB3EF1008D42EB /* CocoaHeroes.app */;
			productType = "com.apple.product-type.application";
		};
		BEAC769F23AB3EF3008D42EB /* CocoaHeroesTests */ = {
			isa = PBXNativeTarget;
			buildConfigurationList = BEAC76B723AB3EF3008D42EB /* Build configuration list for PBXNativeTarget "CocoaHeroesTests" */;
			buildPhases = (
				2FCC1DD6BAEFF6789E145CC6 /* [CP] Check Pods Manifest.lock */,
				BEAC769C23AB3EF3008D42EB /* Sources */,
				BEAC769D23AB3EF3008D42EB /* Frameworks */,
				BEAC769E23AB3EF3008D42EB /* Resources */,
			);
			buildRules = (
			);
			dependencies = (
				BEAC76A223AB3EF3008D42EB /* PBXTargetDependency */,
			);
			name = CocoaHeroesTests;
			productName = PodPodTests;
			productReference = BEAC76A023AB3EF3008D42EB /* CocoaHeroesTests.xctest */;
			productType = "com.apple.product-type.bundle.unit-test";
		};
		BEAC76AA23AB3EF3008D42EB /* CocoaHeroesUITests */ = {
			isa = PBXNativeTarget;
			buildConfigurationList = BEAC76BA23AB3EF3008D42EB /* Build configuration list for PBXNativeTarget "CocoaHeroesUITests" */;
			buildPhases = (
				2FCC832DF48F3899718F3E36 /* [CP] Check Pods Manifest.lock */,
				BEAC76A723AB3EF3008D42EB /* Sources */,
				BEAC76A823AB3EF3008D42EB /* Frameworks */,
				BEAC76A923AB3EF3008D42EB /* Resources */,
				570169AB2455756155DA123D /* [CP] Embed Pods Frameworks */,
			);
			buildRules = (
			);
			dependencies = (
				BEAC76AD23AB3EF3008D42EB /* PBXTargetDependency */,
			);
			name = CocoaHeroesUITests;
			productName = PodPodUITests;
			productReference = BEAC76AB23AB3EF3008D42EB /* CocoaHeroesUITests.xctest */;
			productType = "com.apple.product-type.bundle.ui-testing";
		};
/* End PBXNativeTarget section */

/* Begin PBXProject section */
		BEAC767F23AB3EF1008D42EB /* Project object */ = {
			isa = PBXProject;
			attributes = {
				LastSwiftUpdateCheck = 1130;
				LastUpgradeCheck = 1130;
				ORGANIZATIONNAME = "김민찬";
				TargetAttributes = {
					BEAC768623AB3EF1008D42EB = {
						CreatedOnToolsVersion = 11.3;
					};
					BEAC769F23AB3EF3008D42EB = {
						CreatedOnToolsVersion = 11.3;
						TestTargetID = BEAC768623AB3EF1008D42EB;
					};
					BEAC76AA23AB3EF3008D42EB = {
						CreatedOnToolsVersion = 11.3;
						TestTargetID = BEAC768623AB3EF1008D42EB;
					};
				};
			};
			buildConfigurationList = BEAC768223AB3EF1008D42EB /* Build configuration list for PBXProject "CocoaHeroes" */;
			compatibilityVersion = "Xcode 9.3";
			developmentRegion = en;
			hasScannedForEncodings = 0;
			knownRegions = (
				en,
				Base,
			);
			mainGroup = BEAC767E23AB3EF1008D42EB;
			productRefGroup = BEAC768823AB3EF1008D42EB /* Products */;
			projectDirPath = "";
			projectRoot = "";
			targets = (
				BEAC768623AB3EF1008D42EB /* CocoaHeroes */,
				BEAC769F23AB3EF3008D42EB /* CocoaHeroesTests */,
				BEAC76AA23AB3EF3008D42EB /* CocoaHeroesUITests */,
			);
		};
/* End PBXProject section */

/* Begin PBXResourcesBuildPhase section */
		BEAC768523AB3EF1008D42EB /* Resources */ = {
			isa = PBXResourcesBuildPhase;
			buildActionMask = 2147483647;
			files = (
				BEAC769A23AB3EF3008D42EB /* LaunchScreen.storyboard in Resources */,
				BEAC769723AB3EF3008D42EB /* Assets.xcassets in Resources */,
				BEAC769223AB3EF1008D42EB /* Main.storyboard in Resources */,
			);
			runOnlyForDeploymentPostprocessing = 0;
		};
		BEAC769E23AB3EF3008D42EB /* Resources */ = {
			isa = PBXResourcesBuildPhase;
			buildActionMask = 2147483647;
			files = (
			);
			runOnlyForDeploymentPostprocessing = 0;
		};
		BEAC76A923AB3EF3008D42EB /* Resources */ = {
			isa = PBXResourcesBuildPhase;
			buildActionMask = 2147483647;
			files = (
			);
			runOnlyForDeploymentPostprocessing = 0;
		};
/* End PBXResourcesBuildPhase section */

/* Begin PBXShellScriptBuildPhase section */
		2FCC1DD6BAEFF6789E145CC6 /* [CP] Check Pods Manifest.lock */ = {
			isa = PBXShellScriptBuildPhase;
			buildActionMask = 2147483647;
			files = (
			);
			inputFileListPaths = (
			);
			inputPaths = (
				"${PODS_PODFILE_DIR_PATH}/Podfile.lock",
				"${PODS_ROOT}/Manifest.lock",
			);
			name = "[CP] Check Pods Manifest.lock";
			outputFileListPaths = (
			);
			outputPaths = (
				"$(DERIVED_FILE_DIR)/Pods-CocoaHeroesTests-checkManifestLockResult.txt",
			);
			runOnlyForDeploymentPostprocessing = 0;
			shellPath = /bin/sh;
			shellScript = "diff \"${PODS_PODFILE_DIR_PATH}/Podfile.lock\" \"${PODS_ROOT}/Manifest.lock\" > /dev/null\nif [ $? != 0 ] ; then\n    # print error to STDERR\n    echo \"error: The sandbox is not in sync with the Podfile.lock. Run 'pod install' or update your CocoaPods installation.\" >&2\n    exit 1\nfi\n# This output is used by Xcode 'outputs' to avoid re-running this script phase.\necho \"SUCCESS\" > \"${SCRIPT_OUTPUT_FILE_0}\"\n";
			showEnvVarsInLog = 0;
		};
		2FCC832DF48F3899718F3E36 /* [CP] Check Pods Manifest.lock */ = {
			isa = PBXShellScriptBuildPhase;
			buildActionMask = 2147483647;
			files = (
			);
			inputFileListPaths = (
			);
			inputPaths = (
				"${PODS_PODFILE_DIR_PATH}/Podfile.lock",
				"${PODS_ROOT}/Manifest.lock",
			);
			name = "[CP] Check Pods Manifest.lock";
			outputFileListPaths = (
			);
			outputPaths = (
				"$(DERIVED_FILE_DIR)/Pods-CocoaHeroes-CocoaHeroesUITests-checkManifestLockResult.txt",
			);
			runOnlyForDeploymentPostprocessing = 0;
			shellPath = /bin/sh;
			shellScript = "diff \"${PODS_PODFILE_DIR_PATH}/Podfile.lock\" \"${PODS_ROOT}/Manifest.lock\" > /dev/null\nif [ $? != 0 ] ; then\n    # print error to STDERR\n    echo \"error: The sandbox is not in sync with the Podfile.lock. Run 'pod install' or update your CocoaPods installation.\" >&2\n    exit 1\nfi\n# This output is used by Xcode 'outputs' to avoid re-running this script phase.\necho \"SUCCESS\" > \"${SCRIPT_OUTPUT_FILE_0}\"\n";
			showEnvVarsInLog = 0;
		};
		570169AB2455756155DA123D /* [CP] Embed Pods Frameworks */ = {
			isa = PBXShellScriptBuildPhase;
			buildActionMask = 2147483647;
			files = (
			);
			inputFileListPaths = (
				"${PODS_ROOT}/Target Support Files/Pods-CocoaHeroes-CocoaHeroesUITests/Pods-CocoaHeroes-CocoaHeroesUITests-frameworks-${CONFIGURATION}-input-files.xcfilelist",
			);
			name = "[CP] Embed Pods Frameworks";
			outputFileListPaths = (
				"${PODS_ROOT}/Target Support Files/Pods-CocoaHeroes-CocoaHeroesUITests/Pods-CocoaHeroes-CocoaHeroesUITests-frameworks-${CONFIGURATION}-output-files.xcfilelist",
			);
			runOnlyForDeploymentPostprocessing = 0;
			shellPath = /bin/sh;
			shellScript = "\"${PODS_ROOT}/Target Support Files/Pods-CocoaHeroes-CocoaHeroesUITests/Pods-CocoaHeroes-CocoaHeroesUITests-frameworks.sh\"\n";
			showEnvVarsInLog = 0;
		};
		7EC04F852D72E92596FB66B5 /* [CP] Embed Pods Frameworks */ = {
			isa = PBXShellScriptBuildPhase;
			buildActionMask = 2147483647;
			files = (
			);
			inputFileListPaths = (
				"${PODS_ROOT}/Target Support Files/Pods-CocoaHeroes/Pods-CocoaHeroes-frameworks-${CONFIGURATION}-input-files.xcfilelist",
			);
			name = "[CP] Embed Pods Frameworks";
			outputFileListPaths = (
				"${PODS_ROOT}/Target Support Files/Pods-CocoaHeroes/Pods-CocoaHeroes-frameworks-${CONFIGURATION}-output-files.xcfilelist",
			);
			runOnlyForDeploymentPostprocessing = 0;
			shellPath = /bin/sh;
			shellScript = "\"${PODS_ROOT}/Target Support Files/Pods-CocoaHeroes/Pods-CocoaHeroes-frameworks.sh\"\n";
			showEnvVarsInLog = 0;
		};
		B91BB3E45EC13221A45F701B /* [CP] Check Pods Manifest.lock */ = {
			isa = PBXShellScriptBuildPhase;
			buildActionMask = 2147483647;
			files = (
			);
			inputFileListPaths = (
			);
			inputPaths = (
				"${PODS_PODFILE_DIR_PATH}/Podfile.lock",
				"${PODS_ROOT}/Manifest.lock",
			);
			name = "[CP] Check Pods Manifest.lock";
			outputFileListPaths = (
			);
			outputPaths = (
				"$(DERIVED_FILE_DIR)/Pods-CocoaHeroes-checkManifestLockResult.txt",
			);
			runOnlyForDeploymentPostprocessing = 0;
			shellPath = /bin/sh;
			shellScript = "diff \"${PODS_PODFILE_DIR_PATH}/Podfile.lock\" \"${PODS_ROOT}/Manifest.lock\" > /dev/null\nif [ $? != 0 ] ; then\n    # print error to STDERR\n    echo \"error: The sandbox is not in sync with the Podfile.lock. Run 'pod install' or update your CocoaPods installation.\" >&2\n    exit 1\nfi\n# This output is used by Xcode 'outputs' to avoid re-running this script phase.\necho \"SUCCESS\" > \"${SCRIPT_OUTPUT_FILE_0}\"\n";
			showEnvVarsInLog = 0;
		};
/* End PBXShellScriptBuildPhase section */

/* Begin PBXSourcesBuildPhase section */
		BEAC768323AB3EF1008D42EB /* Sources */ = {
			isa = PBXSourcesBuildPhase;
			buildActionMask = 2147483647;
			files = (
				BEAC768F23AB3EF1008D42EB /* ViewController.swift in Sources */,
				BEBA34B323AC579E0004D32E /* ImageInfo.swift in Sources */,
				BEAC769523AB3EF1008D42EB /* CocoaHeroes.xcdatamodeld in Sources */,
				BEAC768B23AB3EF1008D42EB /* AppDelegate.swift in Sources */,
				BEBA34C123AC91D00004D32E /* ImageInfoListItem.swift in Sources */,
				BEAC768D23AB3EF1008D42EB /* SceneDelegate.swift in Sources */,
				BEBA34BF23AC6D440004D32E /* APIImageResponse.swift in Sources */,
				BE1A741823B0A5DE0076A4BD /* DetailViewController.swift in Sources */,
			);
			runOnlyForDeploymentPostprocessing = 0;
		};
		BEAC769C23AB3EF3008D42EB /* Sources */ = {
			isa = PBXSourcesBuildPhase;
			buildActionMask = 2147483647;
			files = (
				BEAC76A523AB3EF3008D42EB /* CocoaHeroesTest.swift in Sources */,
				BEBA34B423AC579E0004D32E /* ImageInfo.swift in Sources */,
			);
			runOnlyForDeploymentPostprocessing = 0;
		};
		BEAC76A723AB3EF3008D42EB /* Sources */ = {
			isa = PBXSourcesBuildPhase;
			buildActionMask = 2147483647;
			files = (
				BEAC76B023AB3EF3008D42EB /* CocoaHeroesUITest.swift in Sources */,
				BEBA34B523AC579E0004D32E /* ImageInfo.swift in Sources */,
			);
			runOnlyForDeploymentPostprocessing = 0;
		};
/* End PBXSourcesBuildPhase section */

/* Begin PBXTargetDependency section */
		BEAC76A223AB3EF3008D42EB /* PBXTargetDependency */ = {
			isa = PBXTargetDependency;
			target = BEAC768623AB3EF1008D42EB /* CocoaHeroes */;
			targetProxy = BEAC76A123AB3EF3008D42EB /* PBXContainerItemProxy */;
		};
		BEAC76AD23AB3EF3008D42EB /* PBXTargetDependency */ = {
			isa = PBXTargetDependency;
			target = BEAC768623AB3EF1008D42EB /* CocoaHeroes */;
			targetProxy = BEAC76AC23AB3EF3008D42EB /* PBXContainerItemProxy */;
		};
/* End PBXTargetDependency section */

/* Begin PBXVariantGroup section */
		BEAC769023AB3EF1008D42EB /* Main.storyboard */ = {
			isa = PBXVariantGroup;
			children = (
				BEAC769123AB3EF1008D42EB /* Base */,
			);
			name = Main.storyboard;
			sourceTree = "<group>";
		};
		BEAC769823AB3EF3008D42EB /* LaunchScreen.storyboard */ = {
			isa = PBXVariantGroup;
			children = (
				BEAC769923AB3EF3008D42EB /* Base */,
			);
			name = LaunchScreen.storyboard;
			sourceTree = "<group>";
		};
/* End PBXVariantGroup section */

/* Begin XCBuildConfiguration section */
		BEAC76B223AB3EF3008D42EB /* Debug */ = {
			isa = XCBuildConfiguration;
			buildSettings = {
				ALWAYS_SEARCH_USER_PATHS = NO;
				CLANG_ANALYZER_NONNULL = YES;
				CLANG_ANALYZER_NUMBER_OBJECT_CONVERSION = YES_AGGRESSIVE;
				CLANG_CXX_LANGUAGE_STANDARD = "gnu++14";
				CLANG_CXX_LIBRARY = "libc++";
				CLANG_ENABLE_MODULES = YES;
				CLANG_ENABLE_OBJC_ARC = YES;
				CLANG_ENABLE_OBJC_WEAK = YES;
				CLANG_WARN_BLOCK_CAPTURE_AUTORELEASING = YES;
				CLANG_WARN_BOOL_CONVERSION = YES;
				CLANG_WARN_COMMA = YES;
				CLANG_WARN_CONSTANT_CONVERSION = YES;
				CLANG_WARN_DEPRECATED_OBJC_IMPLEMENTATIONS = YES;
				CLANG_WARN_DIRECT_OBJC_ISA_USAGE = YES_ERROR;
				CLANG_WARN_DOCUMENTATION_COMMENTS = YES;
				CLANG_WARN_EMPTY_BODY = YES;
				CLANG_WARN_ENUM_CONVERSION = YES;
				CLANG_WARN_INFINITE_RECURSION = YES;
				CLANG_WARN_INT_CONVERSION = YES;
				CLANG_WARN_NON_LITERAL_NULL_CONVERSION = YES;
				CLANG_WARN_OBJC_IMPLICIT_RETAIN_SELF = YES;
				CLANG_WARN_OBJC_LITERAL_CONVERSION = YES;
				CLANG_WARN_OBJC_ROOT_CLASS = YES_ERROR;
				CLANG_WARN_RANGE_LOOP_ANALYSIS = YES;
				CLANG_WARN_STRICT_PROTOTYPES = YES;
				CLANG_WARN_SUSPICIOUS_MOVE = YES;
				CLANG_WARN_UNGUARDED_AVAILABILITY = YES_AGGRESSIVE;
				CLANG_WARN_UNREACHABLE_CODE = YES;
				CLANG_WARN__DUPLICATE_METHOD_MATCH = YES;
				COPY_PHASE_STRIP = NO;
				DEBUG_INFORMATION_FORMAT = dwarf;
				ENABLE_STRICT_OBJC_MSGSEND = YES;
				ENABLE_TESTABILITY = YES;
				GCC_C_LANGUAGE_STANDARD = gnu11;
				GCC_DYNAMIC_NO_PIC = NO;
				GCC_NO_COMMON_BLOCKS = YES;
				GCC_OPTIMIZATION_LEVEL = 0;
				GCC_PREPROCESSOR_DEFINITIONS = (
					"DEBUG=1",
					"$(inherited)",
				);
				GCC_WARN_64_TO_32_BIT_CONVERSION = YES;
				GCC_WARN_ABOUT_RETURN_TYPE = YES_ERROR;
				GCC_WARN_UNDECLARED_SELECTOR = YES;
				GCC_WARN_UNINITIALIZED_AUTOS = YES_AGGRESSIVE;
				GCC_WARN_UNUSED_FUNCTION = YES;
				GCC_WARN_UNUSED_VARIABLE = YES;
				IPHONEOS_DEPLOYMENT_TARGET = 13.2;
				MTL_ENABLE_DEBUG_INFO = INCLUDE_SOURCE;
				MTL_FAST_MATH = YES;
				ONLY_ACTIVE_ARCH = YES;
				SDKROOT = iphoneos;
				SWIFT_ACTIVE_COMPILATION_CONDITIONS = DEBUG;
				SWIFT_OPTIMIZATION_LEVEL = "-Onone";
			};
			name = Debug;
		};
		BEAC76B323AB3EF3008D42EB /* Release */ = {
			isa = XCBuildConfiguration;
			buildSettings = {
				ALWAYS_SEARCH_USER_PATHS = NO;
				CLANG_ANALYZER_NONNULL = YES;
				CLANG_ANALYZER_NUMBER_OBJECT_CONVERSION = YES_AGGRESSIVE;
				CLANG_CXX_LANGUAGE_STANDARD = "gnu++14";
				CLANG_CXX_LIBRARY = "libc++";
				CLANG_ENABLE_MODULES = YES;
				CLANG_ENABLE_OBJC_ARC = YES;
				CLANG_ENABLE_OBJC_WEAK = YES;
				CLANG_WARN_BLOCK_CAPTURE_AUTORELEASING = YES;
				CLANG_WARN_BOOL_CONVERSION = YES;
				CLANG_WARN_COMMA = YES;
				CLANG_WARN_CONSTANT_CONVERSION = YES;
				CLANG_WARN_DEPRECATED_OBJC_IMPLEMENTATIONS = YES;
				CLANG_WARN_DIRECT_OBJC_ISA_USAGE = YES_ERROR;
				CLANG_WARN_DOCUMENTATION_COMMENTS = YES;
				CLANG_WARN_EMPTY_BODY = YES;
				CLANG_WARN_ENUM_CONVERSION = YES;
				CLANG_WARN_INFINITE_RECURSION = YES;
				CLANG_WARN_INT_CONVERSION = YES;
				CLANG_WARN_NON_LITERAL_NULL_CONVERSION = YES;
				CLANG_WARN_OBJC_IMPLICIT_RETAIN_SELF = YES;
				CLANG_WARN_OBJC_LITERAL_CONVERSION = YES;
				CLANG_WARN_OBJC_ROOT_CLASS = YES_ERROR;
				CLANG_WARN_RANGE_LOOP_ANALYSIS = YES;
				CLANG_WARN_STRICT_PROTOTYPES = YES;
				CLANG_WARN_SUSPICIOUS_MOVE = YES;
				CLANG_WARN_UNGUARDED_AVAILABILITY = YES_AGGRESSIVE;
				CLANG_WARN_UNREACHABLE_CODE = YES;
				CLANG_WARN__DUPLICATE_METHOD_MATCH = YES;
				COPY_PHASE_STRIP = NO;
				DEBUG_INFORMATION_FORMAT = "dwarf-with-dsym";
				ENABLE_NS_ASSERTIONS = NO;
				ENABLE_STRICT_OBJC_MSGSEND = YES;
				GCC_C_LANGUAGE_STANDARD = gnu11;
				GCC_NO_COMMON_BLOCKS = YES;
				GCC_WARN_64_TO_32_BIT_CONVERSION = YES;
				GCC_WARN_ABOUT_RETURN_TYPE = YES_ERROR;
				GCC_WARN_UNDECLARED_SELECTOR = YES;
				GCC_WARN_UNINITIALIZED_AUTOS = YES_AGGRESSIVE;
				GCC_WARN_UNUSED_FUNCTION = YES;
				GCC_WARN_UNUSED_VARIABLE = YES;
				IPHONEOS_DEPLOYMENT_TARGET = 13.2;
				MTL_ENABLE_DEBUG_INFO = NO;
				MTL_FAST_MATH = YES;
				SDKROOT = iphoneos;
				SWIFT_COMPILATION_MODE = wholemodule;
				SWIFT_OPTIMIZATION_LEVEL = "-O";
				VALIDATE_PRODUCT = YES;
			};
			name = Release;
		};
		BEAC76B523AB3EF3008D42EB /* Debug */ = {
			isa = XCBuildConfiguration;
			baseConfigurationReference = 9A27467A8C992828AB6979D3 /* Pods-CocoaHeroes.debug.xcconfig */;
			buildSettings = {
				ASSETCATALOG_COMPILER_APPICON_NAME = AppIcon;
				CODE_SIGN_STYLE = Automatic;
				DEVELOPMENT_TEAM = PA5AF5ZL4Q;
				INFOPLIST_FILE = CocoaHeroes/Info.plist;
				IPHONEOS_DEPLOYMENT_TARGET = 11.0;
				LD_RUNPATH_SEARCH_PATHS = (
					"$(inherited)",
					"@executable_path/Frameworks",
				);
				PRODUCT_BUNDLE_IDENTIFIER = com.devminchan.CocoaHeroes;
				PRODUCT_NAME = CocoaHeroes;
				SWIFT_VERSION = 5.0;
				TARGETED_DEVICE_FAMILY = "1,2";
			};
			name = Debug;
		};
		BEAC76B623AB3EF3008D42EB /* Release */ = {
			isa = XCBuildConfiguration;
			baseConfigurationReference = 2822D692508CEA092AC120C1 /* Pods-CocoaHeroes.release.xcconfig */;
			buildSettings = {
				ASSETCATALOG_COMPILER_APPICON_NAME = AppIcon;
				CODE_SIGN_STYLE = Automatic;
				DEVELOPMENT_TEAM = PA5AF5ZL4Q;
				INFOPLIST_FILE = CocoaHeroes/Info.plist;
				IPHONEOS_DEPLOYMENT_TARGET = 11.0;
				LD_RUNPATH_SEARCH_PATHS = (
					"$(inherited)",
					"@executable_path/Frameworks",
				);
				PRODUCT_BUNDLE_IDENTIFIER = com.devminchan.CocoaHeroes;
				PRODUCT_NAME = CocoaHeroes;
				SWIFT_VERSION = 5.0;
				TARGETED_DEVICE_FAMILY = "1,2";
			};
			name = Release;
		};
		BEAC76B823AB3EF3008D42EB /* Debug */ = {
			isa = XCBuildConfiguration;
			baseConfigurationReference = A84C85397620AC19B73EC588 /* Pods-CocoaHeroesTests.debug.xcconfig */;
			buildSettings = {
				ALWAYS_EMBED_SWIFT_STANDARD_LIBRARIES = YES;
				BUNDLE_LOADER = "$(TEST_HOST)";
				CODE_SIGN_STYLE = Automatic;
				DEVELOPMENT_TEAM = PA5AF5ZL4Q;
				INFOPLIST_FILE = CocoaHeroesTests/Info.plist;
				IPHONEOS_DEPLOYMENT_TARGET = 13.2;
				LD_RUNPATH_SEARCH_PATHS = (
					"$(inherited)",
					"@executable_path/Frameworks",
					"@loader_path/Frameworks",
				);
				PRODUCT_BUNDLE_IDENTIFIER = com.devminchan.CocoaHeroesTests;
				PRODUCT_NAME = "$(TARGET_NAME)";
				SWIFT_VERSION = 5.0;
				TARGETED_DEVICE_FAMILY = "1,2";
				TEST_HOST = "$(BUILT_PRODUCTS_DIR)/CocoaHeroes.app/CocoaHeroes";
			};
			name = Debug;
		};
		BEAC76B923AB3EF3008D42EB /* Release */ = {
			isa = XCBuildConfiguration;
			baseConfigurationReference = A76ACBC66A15626835029801 /* Pods-CocoaHeroesTests.release.xcconfig */;
			buildSettings = {
				ALWAYS_EMBED_SWIFT_STANDARD_LIBRARIES = YES;
				BUNDLE_LOADER = "$(TEST_HOST)";
				CODE_SIGN_STYLE = Automatic;
				DEVELOPMENT_TEAM = PA5AF5ZL4Q;
				INFOPLIST_FILE = CocoaHeroesTests/Info.plist;
				IPHONEOS_DEPLOYMENT_TARGET = 13.2;
				LD_RUNPATH_SEARCH_PATHS = (
					"$(inherited)",
					"@executable_path/Frameworks",
					"@loader_path/Frameworks",
				);
				PRODUCT_BUNDLE_IDENTIFIER = com.devminchan.CocoaHeroesTests;
				PRODUCT_NAME = "$(TARGET_NAME)";
				SWIFT_VERSION = 5.0;
				TARGETED_DEVICE_FAMILY = "1,2";
				TEST_HOST = "$(BUILT_PRODUCTS_DIR)/CocoaHeroes.app/CocoaHeroes";
			};
			name = Release;
		};
		BEAC76BB23AB3EF3008D42EB /* Debug */ = {
			isa = XCBuildConfiguration;
			baseConfigurationReference = F7BDA68C459AF98237FE0DE7 /* Pods-CocoaHeroes-CocoaHeroesUITests.debug.xcconfig */;
			buildSettings = {
				ALWAYS_EMBED_SWIFT_STANDARD_LIBRARIES = YES;
				CODE_SIGN_STYLE = Automatic;
				DEVELOPMENT_TEAM = PA5AF5ZL4Q;
				INFOPLIST_FILE = PodPodUITests/Info.plist;
				LD_RUNPATH_SEARCH_PATHS = (
					"$(inherited)",
					"@executable_path/Frameworks",
					"@loader_path/Frameworks",
				);
				PRODUCT_BUNDLE_IDENTIFIER = com.devminchan.PodPodUITests;
				PRODUCT_NAME = "$(TARGET_NAME)";
				SWIFT_VERSION = 5.0;
				TARGETED_DEVICE_FAMILY = "1,2";
				TEST_TARGET_NAME = PodPod;
			};
			name = Debug;
		};
		BEAC76BC23AB3EF3008D42EB /* Release */ = {
			isa = XCBuildConfiguration;
			baseConfigurationReference = 314E29195686036BABA4EFBC /* Pods-CocoaHeroes-CocoaHeroesUITests.release.xcconfig */;
			buildSettings = {
				ALWAYS_EMBED_SWIFT_STANDARD_LIBRARIES = YES;
				CODE_SIGN_STYLE = Automatic;
				DEVELOPMENT_TEAM = PA5AF5ZL4Q;
				INFOPLIST_FILE = PodPodUITests/Info.plist;
				LD_RUNPATH_SEARCH_PATHS = (
					"$(inherited)",
					"@executable_path/Frameworks",
					"@loader_path/Frameworks",
				);
				PRODUCT_BUNDLE_IDENTIFIER = com.devminchan.PodPodUITests;
				PRODUCT_NAME = "$(TARGET_NAME)";
				SWIFT_VERSION = 5.0;
				TARGETED_DEVICE_FAMILY = "1,2";
				TEST_TARGET_NAME = PodPod;
			};
			name = Release;
		};
/* End XCBuildConfiguration section */

/* Begin XCConfigurationList section */
		BEAC768223AB3EF1008D42EB /* Build configuration list for PBXProject "CocoaHeroes" */ = {
			isa = XCConfigurationList;
			buildConfigurations = (
				BEAC76B223AB3EF3008D42EB /* Debug */,
				BEAC76B323AB3EF3008D42EB /* Release */,
			);
			defaultConfigurationIsVisible = 0;
			defaultConfigurationName = Release;
		};
		BEAC76B423AB3EF3008D42EB /* Build configuration list for PBXNativeTarget "CocoaHeroes" */ = {
			isa = XCConfigurationList;
			buildConfigurations = (
				BEAC76B523AB3EF3008D42EB /* Debug */,
				BEAC76B623AB3EF3008D42EB /* Release */,
			);
			defaultConfigurationIsVisible = 0;
			defaultConfigurationName = Release;
		};
		BEAC76B723AB3EF3008D42EB /* Build configuration list for PBXNativeTarget "CocoaHeroesTests" */ = {
			isa = XCConfigurationList;
			buildConfigurations = (
				BEAC76B823AB3EF3008D42EB /* Debug */,
				BEAC76B923AB3EF3008D42EB /* Release */,
			);
			defaultConfigurationIsVisible = 0;
			defaultConfigurationName = Release;
		};
		BEAC76BA23AB3EF3008D42EB /* Build configuration list for PBXNativeTarget "CocoaHeroesUITests" */ = {
			isa = XCConfigurationList;
			buildConfigurations = (
				BEAC76BB23AB3EF3008D42EB /* Debug */,
				BEAC76BC23AB3EF3008D42EB /* Release */,
			);
			defaultConfigurationIsVisible = 0;
			defaultConfigurationName = Release;
		};
/* End XCConfigurationList section */

/* Begin XCVersionGroup section */
		BEAC769323AB3EF1008D42EB /* CocoaHeroes.xcdatamodeld */ = {
			isa = XCVersionGroup;
			children = (
				BEAC769423AB3EF1008D42EB /* PodPod.xcdatamodel */,
			);
			currentVersion = BEAC769423AB3EF1008D42EB /* PodPod.xcdatamodel */;
			path = CocoaHeroes.xcdatamodeld;
			sourceTree = "<group>";
			versionGroupType = wrapper.xcdatamodel;
		};
/* End XCVersionGroup section */
	};
	rootObject = BEAC767F23AB3EF1008D42EB /* Project object */;
}
